
Microsoft Visual Studio Solution File, Format Version 12.00
# Visual Studio Version 17
VisualStudioVersion = 17.4.33205.214
MinimumVisualStudioVersion = 10.0.40219.1
Project("{9A19103F-16F7-4668-BE54-9A1E7A4F7556}") = "Programowanie4", "Programowanie4\Programowanie4.csproj", "{0107CF55-88D6-472D-BB9D-D45E98CA9C76}"
EndProject
Project("{9A19103F-16F7-4668-BE54-9A1E7A4F7556}") = "Projekt1", "Projekt1\Projekt1.csproj", "{BDB16284-E574-4EED-97F0-C697CAD4F024}"
EndProject
Project("{9A19103F-16F7-4668-BE54-9A1E7A4F7556}") = "ADONET", "ADO.NET\ADONET.csproj", "{BDF6ACB9-9024-494C-A14C-310664A24965}"
EndProject
Project("{9A19103F-16F7-4668-BE54-9A1E7A4F7556}") = "Dapperek", "Dapperek\Dapperek.csproj", "{09FC1CA6-3A57-45FA-B393-3A9F2A477F0A}"
EndProject
Project("{9A19103F-16F7-4668-BE54-9A1E7A4F7556}") = "DataAdapters", "DataAdapters\DataAdapters.csproj", "{D73E9B1A-4691-4D85-A735-AABE539F9D4B}"
EndProject
Project("{9A19103F-16F7-4668-BE54-9A1E7A4F7556}") = "DAL", "DAL\DAL.csproj", "{3B0C58AC-E107-454B-B65C-F39ACCD6CBF2}"
EndProject
Project("{9A19103F-16F7-4668-BE54-9A1E7A4F7556}") = "Forms", "Forms\Forms.csproj", "{52BE90ED-D770-4561-ABBD-1ABF2F82A348}"
EndProject
Project("{9A19103F-16F7-4668-BE54-9A1E7A4F7556}") = "Apeczka", "Apeczka\Apeczka.csproj", "{BF626E6E-4B9F-420A-9DB5-3634BFB717CA}"
EndProject
Project("{9A19103F-16F7-4668-BE54-9A1E7A4F7556}") = "Rekrutacja", "Rekrutacja\Rekrutacja.csproj", "{AE85E377-45AA-4B4C-A0CC-5A921BC05758}"
EndProject
Project("{9A19103F-16F7-4668-BE54-9A1E7A4F7556}") = "WPFik", "WPFik\WPFik.csproj", "{7E8DC85A-E541-41CE-A422-123609753068}"
EndProject
Project("{9A19103F-16F7-4668-BE54-9A1E7A4F7556}") = "RekrutacjaDB", "RekrutacjaDB\RekrutacjaDB.csproj", "{F6DA136B-EC97-4E8B-BC4C-F8DF0D371CF5}"
EndProject
Project("{9A19103F-16F7-4668-BE54-9A1E7A4F7556}") = "Rekrutacja_WPF", "Rekrutacja_WPF\Rekrutacja_WPF.csproj", "{E1C8391B-5635-4361-B858-67B1D36F6CE3}"
EndProject
Project("{9A19103F-16F7-4668-BE54-9A1E7A4F7556}") = "Formik", "Formik\Formik.csproj", "{CDEF196E-2D56-49D1-9123-84D64985DB7C}"
EndProject
Project("{9A19103F-16F7-4668-BE54-9A1E7A4F7556}") = "MVVM", "MVVM\MVVM.csproj", "{5FFC4B46-A28E-4B15-9E24-D6F64477FD57}"
EndProject
Project("{9A19103F-16F7-4668-BE54-9A1E7A4F7556}") = "WPF_OSTATECZNE_STARCIE", "WPF_OSTATECZNE_STARCIE\WPF_OSTATECZNE_STARCIE.csproj", "{0CECFB88-4210-4615-95B1-BE0D745B3B0E}"
EndProject
Project("{FAE04EC0-301F-11D3-BF4B-00C04F79EFBC}") = "TestFormik", "TestFormik\TestFormik.csproj", "{D525C5AB-4F31-4F90-90DF-AD63DEE827AB}"
EndProject
Global
	GlobalSection(SolutionConfigurationPlatforms) = preSolution
		Debug|Any CPU = Debug|Any CPU
		Release|Any CPU = Release|Any CPU
	EndGlobalSection
	GlobalSection(ProjectConfigurationPlatforms) = postSolution
		{0107CF55-88D6-472D-BB9D-D45E98CA9C76}.Debug|Any CPU.ActiveCfg = Debug|Any CPU
		{0107CF55-88D6-472D-BB9D-D45E98CA9C76}.Debug|Any CPU.Build.0 = Debug|Any CPU
		{0107CF55-88D6-472D-BB9D-D45E98CA9C76}.Release|Any CPU.ActiveCfg = Release|Any CPU
		{0107CF55-88D6-472D-BB9D-D45E98CA9C76}.Release|Any CPU.Build.0 = Release|Any CPU
		{BDB16284-E574-4EED-97F0-C697CAD4F024}.Debug|Any CPU.ActiveCfg = Debug|Any CPU
		{BDB16284-E574-4EED-97F0-C697CAD4F024}.Debug|Any CPU.Build.0 = Debug|Any CPU
		{BDB16284-E574-4EED-97F0-C697CAD4F024}.Release|Any CPU.ActiveCfg = Release|Any CPU
		{BDB16284-E574-4EED-97F0-C697CAD4F024}.Release|Any CPU.Build.0 = Release|Any CPU
		{BDF6ACB9-9024-494C-A14C-310664A24965}.Debug|Any CPU.ActiveCfg = Debug|Any CPU
		{BDF6ACB9-9024-494C-A14C-310664A24965}.Debug|Any CPU.Build.0 = Debug|Any CPU
		{BDF6ACB9-9024-494C-A14C-310664A24965}.Release|Any CPU.ActiveCfg = Release|Any CPU
		{BDF6ACB9-9024-494C-A14C-310664A24965}.Release|Any CPU.Build.0 = Release|Any CPU
		{09FC1CA6-3A57-45FA-B393-3A9F2A477F0A}.Debug|Any CPU.ActiveCfg = Debug|Any CPU
		{09FC1CA6-3A57-45FA-B393-3A9F2A477F0A}.Debug|Any CPU.Build.0 = Debug|Any CPU
		{09FC1CA6-3A57-45FA-B393-3A9F2A477F0A}.Release|Any CPU.ActiveCfg = Release|Any CPU
		{09FC1CA6-3A57-45FA-B393-3A9F2A477F0A}.Release|Any CPU.Build.0 = Release|Any CPU
		{D73E9B1A-4691-4D85-A735-AABE539F9D4B}.Debug|Any CPU.ActiveCfg = Debug|Any CPU
		{D73E9B1A-4691-4D85-A735-AABE539F9D4B}.Debug|Any CPU.Build.0 = Debug|Any CPU
		{D73E9B1A-4691-4D85-A735-AABE539F9D4B}.Release|Any CPU.ActiveCfg = Release|Any CPU
		{D73E9B1A-4691-4D85-A735-AABE539F9D4B}.Release|Any CPU.Build.0 = Release|Any CPU
		{3B0C58AC-E107-454B-B65C-F39ACCD6CBF2}.Debug|Any CPU.ActiveCfg = Debug|Any CPU
		{3B0C58AC-E107-454B-B65C-F39ACCD6CBF2}.Debug|Any CPU.Build.0 = Debug|Any CPU
		{3B0C58AC-E107-454B-B65C-F39ACCD6CBF2}.Release|Any CPU.ActiveCfg = Release|Any CPU
		{3B0C58AC-E107-454B-B65C-F39ACCD6CBF2}.Release|Any CPU.Build.0 = Release|Any CPU
		{52BE90ED-D770-4561-ABBD-1ABF2F82A348}.Debug|Any CPU.ActiveCfg = Debug|Any CPU
		{52BE90ED-D770-4561-ABBD-1ABF2F82A348}.Debug|Any CPU.Build.0 = Debug|Any CPU
		{52BE90ED-D770-4561-ABBD-1ABF2F82A348}.Release|Any CPU.ActiveCfg = Release|Any CPU
		{52BE90ED-D770-4561-ABBD-1ABF2F82A348}.Release|Any CPU.Build.0 = Release|Any CPU
		{BF626E6E-4B9F-420A-9DB5-3634BFB717CA}.Debug|Any CPU.ActiveCfg = Debug|Any CPU
		{BF626E6E-4B9F-420A-9DB5-3634BFB717CA}.Debug|Any CPU.Build.0 = Debug|Any CPU
		{BF626E6E-4B9F-420A-9DB5-3634BFB717CA}.Release|Any CPU.ActiveCfg = Release|Any CPU
		{BF626E6E-4B9F-420A-9DB5-3634BFB717CA}.Release|Any CPU.Build.0 = Release|Any CPU
		{AE85E377-45AA-4B4C-A0CC-5A921BC05758}.Debug|Any CPU.ActiveCfg = Debug|Any CPU
		{AE85E377-45AA-4B4C-A0CC-5A921BC05758}.Debug|Any CPU.Build.0 = Debug|Any CPU
		{AE85E377-45AA-4B4C-A0CC-5A921BC05758}.Release|Any CPU.ActiveCfg = Release|Any CPU
		{AE85E377-45AA-4B4C-A0CC-5A921BC05758}.Release|Any CPU.Build.0 = Release|Any CPU
		{7E8DC85A-E541-41CE-A422-123609753068}.Debug|Any CPU.ActiveCfg = Debug|Any CPU
		{7E8DC85A-E541-41CE-A422-123609753068}.Debug|Any CPU.Build.0 = Debug|Any CPU
		{7E8DC85A-E541-41CE-A422-123609753068}.Release|Any CPU.ActiveCfg = Release|Any CPU
		{7E8DC85A-E541-41CE-A422-123609753068}.Release|Any CPU.Build.0 = Release|Any CPU
		{F6DA136B-EC97-4E8B-BC4C-F8DF0D371CF5}.Debug|Any CPU.ActiveCfg = Debug|Any CPU
		{F6DA136B-EC97-4E8B-BC4C-F8DF0D371CF5}.Debug|Any CPU.Build.0 = Debug|Any CPU
		{F6DA136B-EC97-4E8B-BC4C-F8DF0D371CF5}.Release|Any CPU.ActiveCfg = Release|Any CPU
		{F6DA136B-EC97-4E8B-BC4C-F8DF0D371CF5}.Release|Any CPU.Build.0 = Release|Any CPU
		{E1C8391B-5635-4361-B858-67B1D36F6CE3}.Debug|Any CPU.ActiveCfg = Debug|Any CPU
		{E1C8391B-5635-4361-B858-67B1D36F6CE3}.Debug|Any CPU.Build.0 = Debug|Any CPU
		{E1C8391B-5635-4361-B858-67B1D36F6CE3}.Release|Any CPU.ActiveCfg = Release|Any CPU
		{E1C8391B-5635-4361-B858-67B1D36F6CE3}.Release|Any CPU.Build.0 = Release|Any CPU
		{CDEF196E-2D56-49D1-9123-84D64985DB7C}.Debug|Any CPU.ActiveCfg = Debug|Any CPU
		{CDEF196E-2D56-49D1-9123-84D64985DB7C}.Debug|Any CPU.Build.0 = Debug|Any CPU
		{CDEF196E-2D56-49D1-9123-84D64985DB7C}.Release|Any CPU.ActiveCfg = Release|Any CPU
		{CDEF196E-2D56-49D1-9123-84D64985DB7C}.Release|Any CPU.Build.0 = Release|Any CPU
		{5FFC4B46-A28E-4B15-9E24-D6F64477FD57}.Debug|Any CPU.ActiveCfg = Debug|Any CPU
		{5FFC4B46-A28E-4B15-9E24-D6F64477FD57}.Debug|Any CPU.Build.0 = Debug|Any CPU
		{5FFC4B46-A28E-4B15-9E24-D6F64477FD57}.Release|Any CPU.ActiveCfg = Release|Any CPU
		{5FFC4B46-A28E-4B15-9E24-D6F64477FD57}.Release|Any CPU.Build.0 = Release|Any CPU
		{0CECFB88-4210-4615-95B1-BE0D745B3B0E}.Debug|Any CPU.ActiveCfg = Debug|Any CPU
		{0CECFB88-4210-4615-95B1-BE0D745B3B0E}.Debug|Any CPU.Build.0 = Debug|Any CPU
		{0CECFB88-4210-4615-95B1-BE0D745B3B0E}.Release|Any CPU.ActiveCfg = Release|Any CPU
		{0CECFB88-4210-4615-95B1-BE0D745B3B0E}.Release|Any CPU.Build.0 = Release|Any CPU
		{D525C5AB-4F31-4F90-90DF-AD63DEE827AB}.Debug|Any CPU.ActiveCfg = Debug|Any CPU
		{D525C5AB-4F31-4F90-90DF-AD63DEE827AB}.Debug|Any CPU.Build.0 = Debug|Any CPU
		{D525C5AB-4F31-4F90-90DF-AD63DEE827AB}.Release|Any CPU.ActiveCfg = Release|Any CPU
		{D525C5AB-4F31-4F90-90DF-AD63DEE827AB}.Release|Any CPU.Build.0 = Release|Any CPU
	EndGlobalSection
	GlobalSection(SolutionProperties) = preSolution
		HideSolutionNode = FALSE
	EndGlobalSection
	GlobalSection(ExtensibilityGlobals) = postSolution
		SolutionGuid = {F0FD04EB-64F0-40F6-A9DF-89F8B641F269}
	EndGlobalSection
EndGlobal
